// !$*UTF8*$!
{
	archiveVersion = 1;
	classes = {
	};
	objectVersion = 50;
	objects = {

/* Begin PBXBuildFile section */
		4D32F8B72154C6F2003B8788 /* WeatherAPIService.swift in Sources */ = {isa = PBXBuildFile; fileRef = 4D32F8B62154C6F2003B8788 /* WeatherAPIService.swift */; };
		4D32F8B92154C79C003B8788 /* WeatherAPIConstants.swift in Sources */ = {isa = PBXBuildFile; fileRef = 4D32F8B82154C79C003B8788 /* WeatherAPIConstants.swift */; };
		4D32F8D22154D425003B8788 /* Condition.swift in Sources */ = {isa = PBXBuildFile; fileRef = 4D32F8CA2154D425003B8788 /* Condition.swift */; };
		4D32F8D32154D425003B8788 /* Day.swift in Sources */ = {isa = PBXBuildFile; fileRef = 4D32F8CB2154D425003B8788 /* Day.swift */; };
		4D32F8D42154D425003B8788 /* Location.swift in Sources */ = {isa = PBXBuildFile; fileRef = 4D32F8CC2154D425003B8788 /* Location.swift */; };
		4D32F8D52154D425003B8788 /* Forecast.swift in Sources */ = {isa = PBXBuildFile; fileRef = 4D32F8CD2154D425003B8788 /* Forecast.swift */; };
		4D32F8D62154D425003B8788 /* Weather.swift in Sources */ = {isa = PBXBuildFile; fileRef = 4D32F8CE2154D425003B8788 /* Weather.swift */; };
		4D32F8D82154D425003B8788 /* Forecastday.swift in Sources */ = {isa = PBXBuildFile; fileRef = 4D32F8D02154D425003B8788 /* Forecastday.swift */; };
		4D32F8D92154D425003B8788 /* Current.swift in Sources */ = {isa = PBXBuildFile; fileRef = 4D32F8D12154D425003B8788 /* Current.swift */; };
		4D32F8DC2154F845003B8788 /* UITabelViewCell+Identifier.swift in Sources */ = {isa = PBXBuildFile; fileRef = 4D32F8DB2154F845003B8788 /* UITabelViewCell+Identifier.swift */; };
		4D32F8DE2154F86E003B8788 /* UIImageView+Kingfisher.swift in Sources */ = {isa = PBXBuildFile; fileRef = 4D32F8DD2154F86E003B8788 /* UIImageView+Kingfisher.swift */; };
		4DB78011214A35820045F988 /* AppDelegate.swift in Sources */ = {isa = PBXBuildFile; fileRef = 4DB78010214A35820045F988 /* AppDelegate.swift */; };
		4DB78013214A35830045F988 /* WeatherVC.swift in Sources */ = {isa = PBXBuildFile; fileRef = 4DB78012214A35830045F988 /* WeatherVC.swift */; };
		4DB78016214A35830045F988 /* Main.storyboard in Resources */ = {isa = PBXBuildFile; fileRef = 4DB78014214A35830045F988 /* Main.storyboard */; };
		4DB78018214A35840045F988 /* Assets.xcassets in Resources */ = {isa = PBXBuildFile; fileRef = 4DB78017214A35840045F988 /* Assets.xcassets */; };
		4DB7801B214A35840045F988 /* LaunchScreen.storyboard in Resources */ = {isa = PBXBuildFile; fileRef = 4DB78019214A35840045F988 /* LaunchScreen.storyboard */; };
		4DB78023214A37CE0045F988 /* RestaurantsCell.swift in Sources */ = {isa = PBXBuildFile; fileRef = 4DB78022214A37CE0045F988 /* RestaurantsCell.swift */; };
		4DB78025214A37E90045F988 /* RestaurantsVC.swift in Sources */ = {isa = PBXBuildFile; fileRef = 4DB78024214A37E90045F988 /* RestaurantsVC.swift */; };
		4DB78027214A4BBE0045F988 /* CurrentLocation.swift in Sources */ = {isa = PBXBuildFile; fileRef = 4DB78026214A4BBE0045F988 /* CurrentLocation.swift */; };
		4DB78029214A4BD00045F988 /* AlertService.swift in Sources */ = {isa = PBXBuildFile; fileRef = 4DB78028214A4BCF0045F988 /* AlertService.swift */; };
		E8A37EB4B320FCE4CCBAD161 /* Pods_cc_demoApp.framework in Frameworks */ = {isa = PBXBuildFile; fileRef = 753284BFB1F1071A56A333C8 /* Pods_cc_demoApp.framework */; };
/* End PBXBuildFile section */

/* Begin PBXFileReference section */
		40D039A2EA1B554D8975EBA5 /* Pods-cc-demoApp.release.xcconfig */ = {isa = PBXFileReference; includeInIndex = 1; lastKnownFileType = text.xcconfig; name = "Pods-cc-demoApp.release.xcconfig"; path = "Target Support Files/Pods-cc-demoApp/Pods-cc-demoApp.release.xcconfig"; sourceTree = "<group>"; };
		4D32F8B62154C6F2003B8788 /* WeatherAPIService.swift */ = {isa = PBXFileReference; lastKnownFileType = sourcecode.swift; path = WeatherAPIService.swift; sourceTree = "<group>"; };
		4D32F8B82154C79C003B8788 /* WeatherAPIConstants.swift */ = {isa = PBXFileReference; lastKnownFileType = sourcecode.swift; path = WeatherAPIConstants.swift; sourceTree = "<group>"; };
		4D32F8CA2154D425003B8788 /* Condition.swift */ = {isa = PBXFileReference; fileEncoding = 4; lastKnownFileType = sourcecode.swift; path = Condition.swift; sourceTree = "<group>"; };
		4D32F8CB2154D425003B8788 /* Day.swift */ = {isa = PBXFileReference; fileEncoding = 4; lastKnownFileType = sourcecode.swift; path = Day.swift; sourceTree = "<group>"; };
		4D32F8CC2154D425003B8788 /* Location.swift */ = {isa = PBXFileReference; fileEncoding = 4; lastKnownFileType = sourcecode.swift; path = Location.swift; sourceTree = "<group>"; };
		4D32F8CD2154D425003B8788 /* Forecast.swift */ = {isa = PBXFileReference; fileEncoding = 4; lastKnownFileType = sourcecode.swift; path = Forecast.swift; sourceTree = "<group>"; };
		4D32F8CE2154D425003B8788 /* Weather.swift */ = {isa = PBXFileReference; fileEncoding = 4; lastKnownFileType = sourcecode.swift; path = Weather.swift; sourceTree = "<group>"; };
		4D32F8D02154D425003B8788 /* Forecastday.swift */ = {isa = PBXFileReference; fileEncoding = 4; lastKnownFileType = sourcecode.swift; path = Forecastday.swift; sourceTree = "<group>"; };
		4D32F8D12154D425003B8788 /* Current.swift */ = {isa = PBXFileReference; fileEncoding = 4; lastKnownFileType = sourcecode.swift; path = Current.swift; sourceTree = "<group>"; };
		4D32F8DB2154F845003B8788 /* UITabelViewCell+Identifier.swift */ = {isa = PBXFileReference; lastKnownFileType = sourcecode.swift; path = "UITabelViewCell+Identifier.swift"; sourceTree = "<group>"; };
		4D32F8DD2154F86E003B8788 /* UIImageView+Kingfisher.swift */ = {isa = PBXFileReference; lastKnownFileType = sourcecode.swift; path = "UIImageView+Kingfisher.swift"; sourceTree = "<group>"; };
		4DB7800D214A35820045F988 /* cc-demoApp.app */ = {isa = PBXFileReference; explicitFileType = wrapper.application; includeInIndex = 0; path = "cc-demoApp.app"; sourceTree = BUILT_PRODUCTS_DIR; };
		4DB78010214A35820045F988 /* AppDelegate.swift */ = {isa = PBXFileReference; lastKnownFileType = sourcecode.swift; path = AppDelegate.swift; sourceTree = "<group>"; };
		4DB78012214A35830045F988 /* WeatherVC.swift */ = {isa = PBXFileReference; lastKnownFileType = sourcecode.swift; path = WeatherVC.swift; sourceTree = "<group>"; };
		4DB78015214A35830045F988 /* Base */ = {isa = PBXFileReference; lastKnownFileType = file.storyboard; name = Base; path = Base.lproj/Main.storyboard; sourceTree = "<group>"; };
		4DB78017214A35840045F988 /* Assets.xcassets */ = {isa = PBXFileReference; lastKnownFileType = folder.assetcatalog; path = Assets.xcassets; sourceTree = "<group>"; };
		4DB7801A214A35840045F988 /* Base */ = {isa = PBXFileReference; lastKnownFileType = file.storyboard; name = Base; path = Base.lproj/LaunchScreen.storyboard; sourceTree = "<group>"; };
		4DB7801C214A35840045F988 /* Info.plist */ = {isa = PBXFileReference; lastKnownFileType = text.plist.xml; path = Info.plist; sourceTree = "<group>"; };
		4DB78022214A37CE0045F988 /* RestaurantsCell.swift */ = {isa = PBXFileReference; lastKnownFileType = sourcecode.swift; path = RestaurantsCell.swift; sourceTree = "<group>"; };
		4DB78024214A37E90045F988 /* RestaurantsVC.swift */ = {isa = PBXFileReference; lastKnownFileType = sourcecode.swift; path = RestaurantsVC.swift; sourceTree = "<group>"; };
		4DB78026214A4BBE0045F988 /* CurrentLocation.swift */ = {isa = PBXFileReference; fileEncoding = 4; lastKnownFileType = sourcecode.swift; path = CurrentLocation.swift; sourceTree = "<group>"; };
		4DB78028214A4BCF0045F988 /* AlertService.swift */ = {isa = PBXFileReference; fileEncoding = 4; lastKnownFileType = sourcecode.swift; path = AlertService.swift; sourceTree = "<group>"; };
		753284BFB1F1071A56A333C8 /* Pods_cc_demoApp.framework */ = {isa = PBXFileReference; explicitFileType = wrapper.framework; includeInIndex = 0; path = Pods_cc_demoApp.framework; sourceTree = BUILT_PRODUCTS_DIR; };
		FEB7D05C88ABAFCA8B837BAA /* Pods-cc-demoApp.debug.xcconfig */ = {isa = PBXFileReference; includeInIndex = 1; lastKnownFileType = text.xcconfig; name = "Pods-cc-demoApp.debug.xcconfig"; path = "Target Support Files/Pods-cc-demoApp/Pods-cc-demoApp.debug.xcconfig"; sourceTree = "<group>"; };
/* End PBXFileReference section */

/* Begin PBXFrameworksBuildPhase section */
		4DB7800A214A35820045F988 /* Frameworks */ = {
			isa = PBXFrameworksBuildPhase;
			buildActionMask = 2147483647;
			files = (
				E8A37EB4B320FCE4CCBAD161 /* Pods_cc_demoApp.framework in Frameworks */,
			);
			runOnlyForDeploymentPostprocessing = 0;
		};
/* End PBXFrameworksBuildPhase section */

/* Begin PBXGroup section */
		4D32F8B52154C6D8003B8788 /* Weather API Service */ = {
			isa = PBXGroup;
			children = (
				4D32F8B62154C6F2003B8788 /* WeatherAPIService.swift */,
				4D32F8B82154C79C003B8788 /* WeatherAPIConstants.swift */,
			);
			path = "Weather API Service";
			sourceTree = "<group>";
		};
		4D32F8DA2154F828003B8788 /* Extensions */ = {
			isa = PBXGroup;
			children = (
				4D32F8DB2154F845003B8788 /* UITabelViewCell+Identifier.swift */,
				4D32F8DD2154F86E003B8788 /* UIImageView+Kingfisher.swift */,
			);
			path = Extensions;
			sourceTree = "<group>";
		};
		4DB78004214A35820045F988 = {
			isa = PBXGroup;
			children = (
				4DB7800F214A35820045F988 /* cc-demoApp */,
				4DB7800E214A35820045F988 /* Products */,
				BBE06BB93B95CC14D6611A96 /* Pods */,
				CD9CB59645022D55C91C6CA5 /* Frameworks */,
			);
			sourceTree = "<group>";
		};
		4DB7800E214A35820045F988 /* Products */ = {
			isa = PBXGroup;
			children = (
				4DB7800D214A35820045F988 /* cc-demoApp.app */,
			);
			name = Products;
			sourceTree = "<group>";
		};
		4DB7800F214A35820045F988 /* cc-demoApp */ = {
			isa = PBXGroup;
			children = (
				4D32F8DA2154F828003B8788 /* Extensions */,
				4D32F8B52154C6D8003B8788 /* Weather API Service */,
				4DB7802E214A4FD50045F988 /* Controllers */,
				4DB7802D214A4FC70045F988 /* Cells */,
				4DB7802C214A4F9B0045F988 /* Model */,
				4DB7802B214A4F830045F988 /* Storyboards */,
				4DB7802A214A4F6B0045F988 /* Supporting Files */,
			);
			path = "cc-demoApp";
			sourceTree = "<group>";
		};
		4DB7802A214A4F6B0045F988 /* Supporting Files */ = {
			isa = PBXGroup;
			children = (
				4DB78010214A35820045F988 /* AppDelegate.swift */,
				4DB78017214A35840045F988 /* Assets.xcassets */,
				4DB7801C214A35840045F988 /* Info.plist */,
			);
			path = "Supporting Files";
			sourceTree = "<group>";
		};
		4DB7802B214A4F830045F988 /* Storyboards */ = {
			isa = PBXGroup;
			children = (
				4DB78014214A35830045F988 /* Main.storyboard */,
				4DB78019214A35840045F988 /* LaunchScreen.storyboard */,
			);
			path = Storyboards;
			sourceTree = "<group>";
		};
		4DB7802C214A4F9B0045F988 /* Model */ = {
			isa = PBXGroup;
			children = (
				4D32F8CA2154D425003B8788 /* Condition.swift */,
				4D32F8D12154D425003B8788 /* Current.swift */,
				4D32F8CB2154D425003B8788 /* Day.swift */,
				4D32F8CD2154D425003B8788 /* Forecast.swift */,
				4D32F8D02154D425003B8788 /* Forecastday.swift */,
				4D32F8CC2154D425003B8788 /* Location.swift */,
				4D32F8CE2154D425003B8788 /* Weather.swift */,
				4DB78026214A4BBE0045F988 /* CurrentLocation.swift */,
				4DB78028214A4BCF0045F988 /* AlertService.swift */,
			);
			path = Model;
			sourceTree = "<group>";
		};
		4DB7802D214A4FC70045F988 /* Cells */ = {
			isa = PBXGroup;
			children = (
				4DB78022214A37CE0045F988 /* RestaurantsCell.swift */,
			);
			path = Cells;
			sourceTree = "<group>";
		};
		4DB7802E214A4FD50045F988 /* Controllers */ = {
			isa = PBXGroup;
			children = (
				4DB78012214A35830045F988 /* WeatherVC.swift */,
				4DB78024214A37E90045F988 /* RestaurantsVC.swift */,
			);
			path = Controllers;
			sourceTree = "<group>";
		};
		BBE06BB93B95CC14D6611A96 /* Pods */ = {
			isa = PBXGroup;
			children = (
				FEB7D05C88ABAFCA8B837BAA /* Pods-cc-demoApp.debug.xcconfig */,
				40D039A2EA1B554D8975EBA5 /* Pods-cc-demoApp.release.xcconfig */,
			);
			path = Pods;
			sourceTree = "<group>";
		};
		CD9CB59645022D55C91C6CA5 /* Frameworks */ = {
			isa = PBXGroup;
			children = (
				753284BFB1F1071A56A333C8 /* Pods_cc_demoApp.framework */,
			);
			name = Frameworks;
			sourceTree = "<group>";
		};
/* End PBXGroup section */

/* Begin PBXNativeTarget section */
		4DB7800C214A35820045F988 /* cc-demoApp */ = {
			isa = PBXNativeTarget;
			buildConfigurationList = 4DB7801F214A35840045F988 /* Build configuration list for PBXNativeTarget "cc-demoApp" */;
			buildPhases = (
				D04AD4902E89A47A5A247EA5 /* [CP] Check Pods Manifest.lock */,
				4DB78009214A35820045F988 /* Sources */,
				4DB7800A214A35820045F988 /* Frameworks */,
				4DB7800B214A35820045F988 /* Resources */,
				DAF9BD475682A40BA363236E /* [CP] Embed Pods Frameworks */,
			);
			buildRules = (
			);
			dependencies = (
			);
			name = "cc-demoApp";
			productName = "cc-demoApp";
			productReference = 4DB7800D214A35820045F988 /* cc-demoApp.app */;
			productType = "com.apple.product-type.application";
		};
/* End PBXNativeTarget section */

/* Begin PBXProject section */
		4DB78005214A35820045F988 /* Project object */ = {
			isa = PBXProject;
			attributes = {
				LastSwiftUpdateCheck = 0940;
				LastUpgradeCheck = 0940;
				ORGANIZATIONNAME = "Muhammad Khan";
				TargetAttributes = {
					4DB7800C214A35820045F988 = {
						CreatedOnToolsVersion = 9.4.1;
					};
				};
			};
			buildConfigurationList = 4DB78008214A35820045F988 /* Build configuration list for PBXProject "cc-demoApp" */;
			compatibilityVersion = "Xcode 9.3";
			developmentRegion = en;
			hasScannedForEncodings = 0;
			knownRegions = (
				en,
				Base,
			);
			mainGroup = 4DB78004214A35820045F988;
			productRefGroup = 4DB7800E214A35820045F988 /* Products */;
			projectDirPath = "";
			projectRoot = "";
			targets = (
				4DB7800C214A35820045F988 /* cc-demoApp */,
			);
		};
/* End PBXProject section */

/* Begin PBXResourcesBuildPhase section */
		4DB7800B214A35820045F988 /* Resources */ = {
			isa = PBXResourcesBuildPhase;
			buildActionMask = 2147483647;
			files = (
				4DB7801B214A35840045F988 /* LaunchScreen.storyboard in Resources */,
				4DB78018214A35840045F988 /* Assets.xcassets in Resources */,
				4DB78016214A35830045F988 /* Main.storyboard in Resources */,
			);
			runOnlyForDeploymentPostprocessing = 0;
		};
/* End PBXResourcesBuildPhase section */

/* Begin PBXShellScriptBuildPhase section */
		D04AD4902E89A47A5A247EA5 /* [CP] Check Pods Manifest.lock */ = {
			isa = PBXShellScriptBuildPhase;
			buildActionMask = 2147483647;
			files = (
			);
			inputPaths = (
				"${PODS_PODFILE_DIR_PATH}/Podfile.lock",
				"${PODS_ROOT}/Manifest.lock",
			);
			name = "[CP] Check Pods Manifest.lock";
			outputPaths = (
				"$(DERIVED_FILE_DIR)/Pods-cc-demoApp-checkManifestLockResult.txt",
			);
			runOnlyForDeploymentPostprocessing = 0;
			shellPath = /bin/sh;
			shellScript = "diff \"${PODS_PODFILE_DIR_PATH}/Podfile.lock\" \"${PODS_ROOT}/Manifest.lock\" > /dev/null\nif [ $? != 0 ] ; then\n    # print error to STDERR\n    echo \"error: The sandbox is not in sync with the Podfile.lock. Run 'pod install' or update your CocoaPods installation.\" >&2\n    exit 1\nfi\n# This output is used by Xcode 'outputs' to avoid re-running this script phase.\necho \"SUCCESS\" > \"${SCRIPT_OUTPUT_FILE_0}\"\n";
			showEnvVarsInLog = 0;
		};
		DAF9BD475682A40BA363236E /* [CP] Embed Pods Frameworks */ = {
			isa = PBXShellScriptBuildPhase;
			buildActionMask = 2147483647;
			files = (
			);
			inputPaths = (
				"${PODS_ROOT}/Target Support Files/Pods-cc-demoApp/Pods-cc-demoApp-frameworks.sh",
				"${BUILT_PRODUCTS_DIR}/Alamofire/Alamofire.framework",
				"${BUILT_PRODUCTS_DIR}/Kingfisher/Kingfisher.framework",
				"${BUILT_PRODUCTS_DIR}/SVProgressHUD/SVProgressHUD.framework",
				"${BUILT_PRODUCTS_DIR}/SwiftyJSON/SwiftyJSON.framework",
			);
			name = "[CP] Embed Pods Frameworks";
			outputPaths = (
				"${TARGET_BUILD_DIR}/${FRAMEWORKS_FOLDER_PATH}/Alamofire.framework",
				"${TARGET_BUILD_DIR}/${FRAMEWORKS_FOLDER_PATH}/Kingfisher.framework",
				"${TARGET_BUILD_DIR}/${FRAMEWORKS_FOLDER_PATH}/SVProgressHUD.framework",
				"${TARGET_BUILD_DIR}/${FRAMEWORKS_FOLDER_PATH}/SwiftyJSON.framework",
			);
			runOnlyForDeploymentPostprocessing = 0;
			shellPath = /bin/sh;
			shellScript = "\"${PODS_ROOT}/Target Support Files/Pods-cc-demoApp/Pods-cc-demoApp-frameworks.sh\"\n";
			showEnvVarsInLog = 0;
		};
/* End PBXShellScriptBuildPhase section */

/* Begin PBXSourcesBuildPhase section */
		4DB78009214A35820045F988 /* Sources */ = {
			isa = PBXSourcesBuildPhase;
			buildActionMask = 2147483647;
			files = (
				4DB78013214A35830045F988 /* WeatherVC.swift in Sources */,
				4D32F8D42154D425003B8788 /* Location.swift in Sources */,
				4D32F8D22154D425003B8788 /* Condition.swift in Sources */,
				4DB78023214A37CE0045F988 /* RestaurantsCell.swift in Sources */,
				4D32F8DC2154F845003B8788 /* UITabelViewCell+Identifier.swift in Sources */,
				4D32F8D52154D425003B8788 /* Forecast.swift in Sources */,
				4D32F8DE2154F86E003B8788 /* UIImageView+Kingfisher.swift in Sources */,
				4DB78011214A35820045F988 /* AppDelegate.swift in Sources */,
				4D32F8D82154D425003B8788 /* Forecastday.swift in Sources */,
				4DB78027214A4BBE0045F988 /* CurrentLocation.swift in Sources */,
				4D32F8B92154C79C003B8788 /* WeatherAPIConstants.swift in Sources */,
				4D32F8D62154D425003B8788 /* Weather.swift in Sources */,
				4D32F8B72154C6F2003B8788 /* WeatherAPIService.swift in Sources */,
				4D32F8D92154D425003B8788 /* Current.swift in Sources */,
				4DB78029214A4BD00045F988 /* AlertService.swift in Sources */,
				4D32F8D32154D425003B8788 /* Day.swift in Sources */,
				4DB78025214A37E90045F988 /* RestaurantsVC.swift in Sources */,
			);
			runOnlyForDeploymentPostprocessing = 0;
		};
/* End PBXSourcesBuildPhase section */

/* Begin PBXVariantGroup section */
		4DB78014214A35830045F988 /* Main.storyboard */ = {
			isa = PBXVariantGroup;
			children = (
				4DB78015214A35830045F988 /* Base */,
			);
			name = Main.storyboard;
			sourceTree = "<group>";
		};
		4DB78019214A35840045F988 /* LaunchScreen.storyboard */ = {
			isa = PBXVariantGroup;
			children = (
				4DB7801A214A35840045F988 /* Base */,
			);
			name = LaunchScreen.storyboard;
			sourceTree = "<group>";
		};
/* End PBXVariantGroup section */

/* Begin XCBuildConfiguration section */
		4DB7801D214A35840045F988 /* Debug */ = {
			isa = XCBuildConfiguration;
			buildSettings = {
				ALWAYS_SEARCH_USER_PATHS = NO;
				CLANG_ANALYZER_NONNULL = YES;
				CLANG_ANALYZER_NUMBER_OBJECT_CONVERSION = YES_AGGRESSIVE;
				CLANG_CXX_LANGUAGE_STANDARD = "gnu++14";
				CLANG_CXX_LIBRARY = "libc++";
				CLANG_ENABLE_MODULES = YES;
				CLANG_ENABLE_OBJC_ARC = YES;
				CLANG_ENABLE_OBJC_WEAK = YES;
				CLANG_WARN_BLOCK_CAPTURE_AUTORELEASING = YES;
				CLANG_WARN_BOOL_CONVERSION = YES;
				CLANG_WARN_COMMA = YES;
				CLANG_WARN_CONSTANT_CONVERSION = YES;
				CLANG_WARN_DEPRECATED_OBJC_IMPLEMENTATIONS = YES;
				CLANG_WARN_DIRECT_OBJC_ISA_USAGE = YES_ERROR;
				CLANG_WARN_DOCUMENTATION_COMMENTS = YES;
				CLANG_WARN_EMPTY_BODY = YES;
				CLANG_WARN_ENUM_CONVERSION = YES;
				CLANG_WARN_INFINITE_RECURSION = YES;
				CLANG_WARN_INT_CONVERSION = YES;
				CLANG_WARN_NON_LITERAL_NULL_CONVERSION = YES;
				CLANG_WARN_OBJC_IMPLICIT_RETAIN_SELF = YES;
				CLANG_WARN_OBJC_LITERAL_CONVERSION = YES;
				CLANG_WARN_OBJC_ROOT_CLASS = YES_ERROR;
				CLANG_WARN_RANGE_LOOP_ANALYSIS = YES;
				CLANG_WARN_STRICT_PROTOTYPES = YES;
				CLANG_WARN_SUSPICIOUS_MOVE = YES;
				CLANG_WARN_UNGUARDED_AVAILABILITY = YES_AGGRESSIVE;
				CLANG_WARN_UNREACHABLE_CODE = YES;
				CLANG_WARN__DUPLICATE_METHOD_MATCH = YES;
				CODE_SIGN_IDENTITY = "iPhone Developer";
				COPY_PHASE_STRIP = NO;
				DEBUG_INFORMATION_FORMAT = dwarf;
				ENABLE_STRICT_OBJC_MSGSEND = YES;
				ENABLE_TESTABILITY = YES;
				GCC_C_LANGUAGE_STANDARD = gnu11;
				GCC_DYNAMIC_NO_PIC = NO;
				GCC_NO_COMMON_BLOCKS = YES;
				GCC_OPTIMIZATION_LEVEL = 0;
				GCC_PREPROCESSOR_DEFINITIONS = (
					"DEBUG=1",
					"$(inherited)",
				);
				GCC_WARN_64_TO_32_BIT_CONVERSION = YES;
				GCC_WARN_ABOUT_RETURN_TYPE = YES_ERROR;
				GCC_WARN_UNDECLARED_SELECTOR = YES;
				GCC_WARN_UNINITIALIZED_AUTOS = YES_AGGRESSIVE;
				GCC_WARN_UNUSED_FUNCTION = YES;
				GCC_WARN_UNUSED_VARIABLE = YES;
				IPHONEOS_DEPLOYMENT_TARGET = 11.4;
				MTL_ENABLE_DEBUG_INFO = YES;
				ONLY_ACTIVE_ARCH = YES;
				SDKROOT = iphoneos;
				SWIFT_ACTIVE_COMPILATION_CONDITIONS = DEBUG;
				SWIFT_OPTIMIZATION_LEVEL = "-Onone";
			};
			name = Debug;
		};
		4DB7801E214A35840045F988 /* Release */ = {
			isa = XCBuildConfiguration;
			buildSettings = {
				ALWAYS_SEARCH_USER_PATHS = NO;
				CLANG_ANALYZER_NONNULL = YES;
				CLANG_ANALYZER_NUMBER_OBJECT_CONVERSION = YES_AGGRESSIVE;
				CLANG_CXX_LANGUAGE_STANDARD = "gnu++14";
				CLANG_CXX_LIBRARY = "libc++";
				CLANG_ENABLE_MODULES = YES;
				CLANG_ENABLE_OBJC_ARC = YES;
				CLANG_ENABLE_OBJC_WEAK = YES;
				CLANG_WARN_BLOCK_CAPTURE_AUTORELEASING = YES;
				CLANG_WARN_BOOL_CONVERSION = YES;
				CLANG_WARN_COMMA = YES;
				CLANG_WARN_CONSTANT_CONVERSION = YES;
				CLANG_WARN_DEPRECATED_OBJC_IMPLEMENTATIONS = YES;
				CLANG_WARN_DIRECT_OBJC_ISA_USAGE = YES_ERROR;
				CLANG_WARN_DOCUMENTATION_COMMENTS = YES;
				CLANG_WARN_EMPTY_BODY = YES;
				CLANG_WARN_ENUM_CONVERSION = YES;
				CLANG_WARN_INFINITE_RECURSION = YES;
				CLANG_WARN_INT_CONVERSION = YES;
				CLANG_WARN_NON_LITERAL_NULL_CONVERSION = YES;
				CLANG_WARN_OBJC_IMPLICIT_RETAIN_SELF = YES;
				CLANG_WARN_OBJC_LITERAL_CONVERSION = YES;
				CLANG_WARN_OBJC_ROOT_CLASS = YES_ERROR;
				CLANG_WARN_RANGE_LOOP_ANALYSIS = YES;
				CLANG_WARN_STRICT_PROTOTYPES = YES;
				CLANG_WARN_SUSPICIOUS_MOVE = YES;
				CLANG_WARN_UNGUARDED_AVAILABILITY = YES_AGGRESSIVE;
				CLANG_WARN_UNREACHABLE_CODE = YES;
				CLANG_WARN__DUPLICATE_METHOD_MATCH = YES;
				CODE_SIGN_IDENTITY = "iPhone Developer";
				COPY_PHASE_STRIP = NO;
				DEBUG_INFORMATION_FORMAT = "dwarf-with-dsym";
				ENABLE_NS_ASSERTIONS = NO;
				ENABLE_STRICT_OBJC_MSGSEND = YES;
				GCC_C_LANGUAGE_STANDARD = gnu11;
				GCC_NO_COMMON_BLOCKS = YES;
				GCC_WARN_64_TO_32_BIT_CONVERSION = YES;
				GCC_WARN_ABOUT_RETURN_TYPE = YES_ERROR;
				GCC_WARN_UNDECLARED_SELECTOR = YES;
				GCC_WARN_UNINITIALIZED_AUTOS = YES_AGGRESSIVE;
				GCC_WARN_UNUSED_FUNCTION = YES;
				GCC_WARN_UNUSED_VARIABLE = YES;
				IPHONEOS_DEPLOYMENT_TARGET = 11.4;
				MTL_ENABLE_DEBUG_INFO = NO;
				SDKROOT = iphoneos;
				SWIFT_COMPILATION_MODE = wholemodule;
				SWIFT_OPTIMIZATION_LEVEL = "-O";
				VALIDATE_PRODUCT = YES;
			};
			name = Release;
		};
		4DB78020214A35840045F988 /* Debug */ = {
			isa = XCBuildConfiguration;
			baseConfigurationReference = FEB7D05C88ABAFCA8B837BAA /* Pods-cc-demoApp.debug.xcconfig */;
			buildSettings = {
				ASSETCATALOG_COMPILER_APPICON_NAME = AppIcon;
				CODE_SIGN_STYLE = Automatic;
				DEVELOPMENT_TEAM = UNVR74NZ7C;
				INFOPLIST_FILE = "$(SRCROOT)/cc-demoApp/Supporting Files/Info.plist";
				IPHONEOS_DEPLOYMENT_TARGET = 10.0;
				LD_RUNPATH_SEARCH_PATHS = (
					"$(inherited)",
					"@executable_path/Frameworks",
				);
				PRODUCT_BUNDLE_IDENTIFIER = "com.mk.cc-demoApp";
				PRODUCT_NAME = "$(TARGET_NAME)";
				SWIFT_VERSION = 4.0;
				TARGETED_DEVICE_FAMILY = 1;
			};
			name = Debug;
		};
		4DB78021214A35840045F988 /* Release */ = {
			isa = XCBuildConfiguration;
			baseConfigurationReference = 40D039A2EA1B554D8975EBA5 /* Pods-cc-demoApp.release.xcconfig */;
			buildSettings = {
				ASSETCATALOG_COMPILER_APPICON_NAME = AppIcon;
				CODE_SIGN_STYLE = Automatic;
				DEVELOPMENT_TEAM = UNVR74NZ7C;
				INFOPLIST_FILE = "$(SRCROOT)/cc-demoApp/Supporting Files/Info.plist";
				IPHONEOS_DEPLOYMENT_TARGET = 10.0;
				LD_RUNPATH_SEARCH_PATHS = (
					"$(inherited)",
					"@executable_path/Frameworks",
				);
				PRODUCT_BUNDLE_IDENTIFIER = "com.mk.cc-demoApp";
				PRODUCT_NAME = "$(TARGET_NAME)";
				SWIFT_VERSION = 4.0;
				TARGETED_DEVICE_FAMILY = 1;
			};
			name = Release;
		};
/* End XCBuildConfiguration section */

/* Begin XCConfigurationList section */
		4DB78008214A35820045F988 /* Build configuration list for PBXProject "cc-demoApp" */ = {
			isa = XCConfigurationList;
			buildConfigurations = (
				4DB7801D214A35840045F988 /* Debug */,
				4DB7801E214A35840045F988 /* Release */,
			);
			defaultConfigurationIsVisible = 0;
			defaultConfigurationName = Release;
		};
		4DB7801F214A35840045F988 /* Build configuration list for PBXNativeTarget "cc-demoApp" */ = {
			isa = XCConfigurationList;
			buildConfigurations = (
				4DB78020214A35840045F988 /* Debug */,
				4DB78021214A35840045F988 /* Release */,
			);
			defaultConfigurationIsVisible = 0;
			defaultConfigurationName = Release;
		};
/* End XCConfigurationList section */
	};
	rootObject = 4DB78005214A35820045F988 /* Project object */;
}
